
Microsoft Visual Studio Solution File, Format Version 12.00
# Visual Studio 2012
Project("{2150E333-8FDC-42A3-9474-1A3956D46DE8}") = ".nuget", ".nuget", "{676D006E-9352-4503-B32A-69FC56F890EC}"
	ProjectSection(SolutionItems) = preProject
		.nuget\NuGet.Config = .nuget\NuGet.Config
		.nuget\NuGet.exe = .nuget\NuGet.exe
		.nuget\NuGet.targets = .nuget\NuGet.targets
	EndProjectSection
EndProject
Project("{FAE04EC0-301F-11D3-BF4B-00C04F79EFBC}") = "MvcSiteMapProvider-Node-Matching-Simple", "MvcSiteMapProvider-Node-Matching-Simple\MvcSiteMapProvider-Node-Matching-Simple.csproj", "{6E7D3941-6979-47E3-BB56-9DA8BC096E94}"
EndProject
Project("{FAE04EC0-301F-11D3-BF4B-00C04F79EFBC}") = "MvcSiteMapProvider-Node-Matching-Dynamic-Nodes", "MvcSiteMapProvider-Node-Matching-Dynamic-Nodes\MvcSiteMapProvider-Node-Matching-Dynamic-Nodes.csproj", "{FF3AFD00-21BB-4DCC-82C3-0C91920B68D4}"
EndProject
Project("{FAE04EC0-301F-11D3-BF4B-00C04F79EFBC}") = "MvcSiteMapProvider-Forcing-A-Match", "MvcSiteMapProvider-Forcing-A-Match\MvcSiteMapProvider-Forcing-A-Match.csproj", "{E29FBE76-FD68-47A9-8C50-DE6EE5131BF3}"
EndProject
Project("{FAE04EC0-301F-11D3-BF4B-00C04F79EFBC}") = "MvcSiteMapProvider-Forcing-A-Match-In-Code", "MvcSiteMapProvider-Forcing-A-Match-In-Code\MvcSiteMapProvider-Forcing-A-Match-In-Code.csproj", "{ADB6BD26-53EE-45FA-968F-BF30D74C9601}"
EndProject
Project("{FAE04EC0-301F-11D3-BF4B-00C04F79EFBC}") = "MvcSiteMapProvider-Forcing-A-Match-2-Levels", "MvcSiteMapProvider-Forcing-A-Match-2-Levels\MvcSiteMapProvider-Forcing-A-Match-2-Levels.csproj", "{64683A74-7EB4-4065-9705-99BD220C97E4}"
EndProject
Global
	GlobalSection(SolutionConfigurationPlatforms) = preSolution
		Debug|Any CPU = Debug|Any CPU
		Release|Any CPU = Release|Any CPU
	EndGlobalSection
	GlobalSection(ProjectConfigurationPlatforms) = postSolution
		{6E7D3941-6979-47E3-BB56-9DA8BC096E94}.Debug|Any CPU.ActiveCfg = Debug|Any CPU
		{6E7D3941-6979-47E3-BB56-9DA8BC096E94}.Debug|Any CPU.Build.0 = Debug|Any CPU
		{6E7D3941-6979-47E3-BB56-9DA8BC096E94}.Release|Any CPU.ActiveCfg = Release|Any CPU
		{6E7D3941-6979-47E3-BB56-9DA8BC096E94}.Release|Any CPU.Build.0 = Release|Any CPU
		{FF3AFD00-21BB-4DCC-82C3-0C91920B68D4}.Debug|Any CPU.ActiveCfg = Debug|Any CPU
		{FF3AFD00-21BB-4DCC-82C3-0C91920B68D4}.Debug|Any CPU.Build.0 = Debug|Any CPU
		{FF3AFD00-21BB-4DCC-82C3-0C91920B68D4}.Release|Any CPU.ActiveCfg = Release|Any CPU
		{FF3AFD00-21BB-4DCC-82C3-0C91920B68D4}.Release|Any CPU.Build.0 = Release|Any CPU
		{E29FBE76-FD68-47A9-8C50-DE6EE5131BF3}.Debug|Any CPU.ActiveCfg = Debug|Any CPU
		{E29FBE76-FD68-47A9-8C50-DE6EE5131BF3}.Debug|Any CPU.Build.0 = Debug|Any CPU
		{E29FBE76-FD68-47A9-8C50-DE6EE5131BF3}.Release|Any CPU.ActiveCfg = Release|Any CPU
		{E29FBE76-FD68-47A9-8C50-DE6EE5131BF3}.Release|Any CPU.Build.0 = Release|Any CPU
		{ADB6BD26-53EE-45FA-968F-BF30D74C9601}.Debug|Any CPU.ActiveCfg = Debug|Any CPU
		{ADB6BD26-53EE-45FA-968F-BF30D74C9601}.Debug|Any CPU.Build.0 = Debug|Any CPU
		{ADB6BD26-53EE-45FA-968F-BF30D74C9601}.Release|Any CPU.ActiveCfg = Release|Any CPU
		{ADB6BD26-53EE-45FA-968F-BF30D74C9601}.Release|Any CPU.Build.0 = Release|Any CPU
		{64683A74-7EB4-4065-9705-99BD220C97E4}.Debug|Any CPU.ActiveCfg = Debug|Any CPU
		{64683A74-7EB4-4065-9705-99BD220C97E4}.Debug|Any CPU.Build.0 = Debug|Any CPU
		{64683A74-7EB4-4065-9705-99BD220C97E4}.Release|Any CPU.ActiveCfg = Release|Any CPU
		{64683A74-7EB4-4065-9705-99BD220C97E4}.Release|Any CPU.Build.0 = Release|Any CPU
	EndGlobalSection
	GlobalSection(SolutionProperties) = preSolution
		HideSolutionNode = FALSE
	EndGlobalSection
EndGlobal
